
Microsoft Visual Studio Solution File, Format Version 12.00
# Visual Studio 15
VisualStudioVersion = 15.0.28010.2041
MinimumVisualStudioVersion = 10.0.40219.1
Project("{FAE04EC0-301F-11D3-BF4B-00C04F79EFBC}") = "MLZ_Sefer-Xheladini", "MLZ_Sefer-Xheladini\MLZ_Sefer-Xheladini.csproj", "{37DB9D38-6018-476C-8D86-D1F46839B640}"
EndProject
Global
	GlobalSection(SolutionConfigurationPlatforms) = preSolution
		Debug|Any CPU = Debug|Any CPU
		Release|Any CPU = Release|Any CPU
	EndGlobalSection
	GlobalSection(ProjectConfigurationPlatforms) = postSolution
		{37DB9D38-6018-476C-8D86-D1F46839B640}.Debug|Any CPU.ActiveCfg = Debug|Any CPU
		{37DB9D38-6018-476C-8D86-D1F46839B640}.Debug|Any CPU.Build.0 = Debug|Any CPU
		{37DB9D38-6018-476C-8D86-D1F46839B640}.Release|Any CPU.ActiveCfg = Release|Any CPU
		{37DB9D38-6018-476C-8D86-D1F46839B640}.Release|Any CPU.Build.0 = Release|Any CPU
	EndGlobalSection
	GlobalSection(SolutionProperties) = preSolution
		HideSolutionNode = FALSE
	EndGlobalSection
	GlobalSection(ExtensibilityGlobals) = postSolution
		SolutionGuid = {FCDF55B2-24CC-4BE2-AD8C-9FD1261FE858}
	EndGlobalSection
EndGlobal
